
Microsoft Visual Studio Solution File, Format Version 12.00
# Visual Studio Version 17
VisualStudioVersion = 17.4.33213.308
MinimumVisualStudioVersion = 10.0.40219.1
Project("{FAE04EC0-301F-11D3-BF4B-00C04F79EFBC}") = "ConsoleApp1", "ConsoleApp1.csproj", "{A3DAEC38-F014-41CB-9B5A-BCAD902D045D}"
EndProject
Global
	GlobalSection(SolutionConfigurationPlatforms) = preSolution
		Debug|Any CPU = Debug|Any CPU
		Release|Any CPU = Release|Any CPU
	EndGlobalSection
	GlobalSection(ProjectConfigurationPlatforms) = postSolution
		{A3DAEC38-F014-41CB-9B5A-BCAD902D045D}.Debug|Any CPU.ActiveCfg = Debug|Any CPU
		{A3DAEC38-F014-41CB-9B5A-BCAD902D045D}.Debug|Any CPU.Build.0 = Debug|Any CPU
		{A3DAEC38-F014-41CB-9B5A-BCAD902D045D}.Release|Any CPU.ActiveCfg = Release|Any CPU
		{A3DAEC38-F014-41CB-9B5A-BCAD902D045D}.Release|Any CPU.Build.0 = Release|Any CPU
	EndGlobalSection
	GlobalSection(SolutionProperties) = preSolution
		HideSolutionNode = FALSE
	EndGlobalSection
	GlobalSection(ExtensibilityGlobals) = postSolution
		SolutionGuid = {A8E9FA09-5200-4D67-B6E7-515BBC11409D}
	EndGlobalSection
EndGlobal
