
Microsoft Visual Studio Solution File, Format Version 12.00
# Visual Studio Version 17
VisualStudioVersion = 17.4.33213.308
MinimumVisualStudioVersion = 10.0.40219.1
Project("{FAE04EC0-301F-11D3-BF4B-00C04F79EFBC}") = "ValidateParentheses", "ValidateParentheses.csproj", "{D96CAB2F-7356-4A35-BC72-A1B4D7F60355}"
EndProject
Global
	GlobalSection(SolutionConfigurationPlatforms) = preSolution
		Debug|Any CPU = Debug|Any CPU
		Release|Any CPU = Release|Any CPU
	EndGlobalSection
	GlobalSection(ProjectConfigurationPlatforms) = postSolution
		{D96CAB2F-7356-4A35-BC72-A1B4D7F60355}.Debug|Any CPU.ActiveCfg = Debug|Any CPU
		{D96CAB2F-7356-4A35-BC72-A1B4D7F60355}.Debug|Any CPU.Build.0 = Debug|Any CPU
		{D96CAB2F-7356-4A35-BC72-A1B4D7F60355}.Release|Any CPU.ActiveCfg = Release|Any CPU
		{D96CAB2F-7356-4A35-BC72-A1B4D7F60355}.Release|Any CPU.Build.0 = Release|Any CPU
	EndGlobalSection
	GlobalSection(SolutionProperties) = preSolution
		HideSolutionNode = FALSE
	EndGlobalSection
	GlobalSection(ExtensibilityGlobals) = postSolution
		SolutionGuid = {74714003-592A-4EC2-88DB-1657E5BF5E32}
	EndGlobalSection
EndGlobal
